
Microsoft Visual Studio Solution File, Format Version 12.00
# Visual Studio 15
VisualStudioVersion = 15.0.27703.2018
MinimumVisualStudioVersion = 10.0.40219.1
Project("{9A19103F-16F7-4668-BE54-9A1E7A4F7556}") = "GenericHostSample", "GenericHostSample.csproj", "{90D3352C-67F8-4570-BEE7-66BD4CD9D3B6}"
EndProject
Global
	GlobalSection(SolutionConfigurationPlatforms) = preSolution
		Debug|Any CPU = Debug|Any CPU
		Release|Any CPU = Release|Any CPU
	EndGlobalSection
	GlobalSection(ProjectConfigurationPlatforms) = postSolution
		{90D3352C-67F8-4570-BEE7-66BD4CD9D3B6}.Debug|Any CPU.ActiveCfg = Debug|Any CPU
		{90D3352C-67F8-4570-BEE7-66BD4CD9D3B6}.Debug|Any CPU.Build.0 = Debug|Any CPU
		{90D3352C-67F8-4570-BEE7-66BD4CD9D3B6}.Release|Any CPU.ActiveCfg = Release|Any CPU
		{90D3352C-67F8-4570-BEE7-66BD4CD9D3B6}.Release|Any CPU.Build.0 = Release|Any CPU
	EndGlobalSection
	GlobalSection(SolutionProperties) = preSolution
		HideSolutionNode = FALSE
	EndGlobalSection
	GlobalSection(ExtensibilityGlobals) = postSolution
		SolutionGuid = {FE449BC3-2D70-4F0A-BC0E-8804FB0EEADD}
	EndGlobalSection
EndGlobal
